github.com/go-modules-by-example/goinfo v1.0.0 h1:xH/2gXHgGlx/zKOIDronv1Q4KGYd+Ex7svHE9z6sdFA=
github.com/go-modules-by-example/goinfo v1.0.0/go.mod h1:QP1xS/0t2QSFRBPINdWlRb2hdd5S2RyNvbVR3zKxOVc=
github.com/go-modules-by-example/goinfo/v2 v2.0.0 h1:aO1JuzauVVfBX27RFBcTWo8/bW47Hd4DfQCV9nJvpA8=
github.com/go-modules-by-example/goinfo/v2 v2.0.0/go.mod h1:rndniyRw377F8DiP57NkBBsyiOwfqCgx3Lf5CX4phBE=
